
Microsoft Visual Studio Solution File, Format Version 12.00
# Visual Studio Version 17
VisualStudioVersion = 17.14.36518.9 d17.14
MinimumVisualStudioVersion = 10.0.40219.1
Project("{FAE04EC0-301F-11D3-BF4B-00C04F79EFBC}") = "WebCafe.Backend", "WebCafe.Backend.csproj", "{BC5AAF09-370C-8751-6A11-BB4B1C8B47EC}"
EndProject
Global
	GlobalSection(SolutionConfigurationPlatforms) = preSolution
		Debug|Any CPU = Debug|Any CPU
		Release|Any CPU = Release|Any CPU
	EndGlobalSection
	GlobalSection(ProjectConfigurationPlatforms) = postSolution
		{BC5AAF09-370C-8751-6A11-BB4B1C8B47EC}.Debug|Any CPU.ActiveCfg = Debug|Any CPU
		{BC5AAF09-370C-8751-6A11-BB4B1C8B47EC}.Debug|Any CPU.Build.0 = Debug|Any CPU
		{BC5AAF09-370C-8751-6A11-BB4B1C8B47EC}.Release|Any CPU.ActiveCfg = Release|Any CPU
		{BC5AAF09-370C-8751-6A11-BB4B1C8B47EC}.Release|Any CPU.Build.0 = Release|Any CPU
	EndGlobalSection
	GlobalSection(SolutionProperties) = preSolution
		HideSolutionNode = FALSE
	EndGlobalSection
	GlobalSection(ExtensibilityGlobals) = postSolution
		SolutionGuid = {F864E9C0-B6F5-46E4-A1A4-85CB92289C05}
	EndGlobalSection
EndGlobal
